github.com/andrew-paterson/hugo-sundries v1.0.0/go.mod h1:II4VIEM/4zh+SAQcvKKNTEB0iSUwhGEU1sbG1yCX6Fc=
github.com/andrew-paterson/hugo-sundries v1.0.1/go.mod h1:II4VIEM/4zh+SAQcvKKNTEB0iSUwhGEU1sbG1yCX6Fc=
github.com/andrew-paterson/hugo-sundries v1.0.2/go.mod h1:II4VIEM/4zh+SAQcvKKNTEB0iSUwhGEU1sbG1yCX6Fc=
github.com/andrew-paterson/hugo-sundries v1.0.3/go.mod h1:II4VIEM/4zh+SAQcvKKNTEB0iSUwhGEU1sbG1yCX6Fc=
github.com/andrew-paterson/hugo-sundries v1.0.12/go.mod h1:II4VIEM/4zh+SAQcvKKNTEB0iSUwhGEU1sbG1yCX6Fc=
github.com/andrew-paterson/hugo-sundries v1.0.13/go.mod h1:II4VIEM/4zh+SAQcvKKNTEB0iSUwhGEU1sbG1yCX6Fc=
github.com/andrew-paterson/hugo-sundries v1.0.14/go.mod h1:II4VIEM/4zh+SAQcvKKNTEB0iSUwhGEU1sbG1yCX6Fc=
github.com/andrew-paterson/hugo-sundries v1.0.15/go.mod h1:II4VIEM/4zh+SAQcvKKNTEB0iSUwhGEU1sbG1yCX6Fc=
github.com/andrew-paterson/hugo-sundries v1.0.16/go.mod h1:II4VIEM/4zh+SAQcvKKNTEB0iSUwhGEU1sbG1yCX6Fc=
github.com/andrew-paterson/hugo-sundries v1.0.33/go.mod h1:II4VIEM/4zh+SAQcvKKNTEB0iSUwhGEU1sbG1yCX6Fc=
github.com/andrew-paterson/hugo-sundries v1.0.51/go.mod h1:II4VIEM/4zh+SAQcvKKNTEB0iSUwhGEU1sbG1yCX6Fc=
github.com/andrew-paterson/pandago v1.0.0/go.mod h1:ItDtI4AIJefHuic6EFcBFfy+hBN6EHN58IjoxR1keVY=
github.com/andrew-paterson/pandago v1.0.1/go.mod h1:Q6cBbsZ/XtIdKN+f6uRZ/Pt62kRvGgh4Qsw9+oaXhqs=
github.com/andrew-paterson/pandago v1.0.2/go.mod h1:IXIkNSkvOvGoIMacZ9Ruo6RmxcFoCfyrcZ7LhKtLsfs=
github.com/andrew-paterson/pandago v1.0.3/go.mod h1:puKeDR4cLFeCeKGISWdsX8Yj14lMt8pwlXXKiajvjVY=
github.com/andrew-paterson/pandago v1.0.12/go.mod h1:VAhEu4Ds1MWYYTBWfrjq/yzw0CcRFOPOdFFRrDlanIk=
github.com/andrew-paterson/pandago v1.0.13/go.mod h1:Tz1WMQX3oUP66TFLKoRgsRS3Hi8jV7RGtrLw/s0ua4s=
github.com/andrew-paterson/pandago v1.0.14/go.mod h1:FMKJ7meW1fcDaZdAEArMu0w5M9TkhErza7PG5wGSLQk=
github.com/andrew-paterson/pandago v1.0.15/go.mod h1:FMKJ7meW1fcDaZdAEArMu0w5M9TkhErza7PG5wGSLQk=
github.com/andrew-paterson/pandago v1.0.16/go.mod h1:zj7PEdoHvjjfsB7i7dYdvLavdmQGvljXMl0wOkLNlH4=
github.com/andrew-paterson/pandago v1.0.17/go.mod h1:zj7PEdoHvjjfsB7i7dYdvLavdmQGvljXMl0wOkLNlH4=
github.com/andrew-paterson/pandago v1.0.19/go.mod h1:uCOiYjdLOC5FBdFRz0bcKYSMKeScIAPbmeeRTgnHW5g=
github.com/andrew-paterson/pandago v1.0.42 h1:8GQs/l/BEANMxP0YIoxhiLz4CWRHDrYKf6BC7XZkLYI=
github.com/andrew-paterson/pandago v1.0.42/go.mod h1:VOVzuLiFB8VKhDjwp/Cv+Bj45GqFtHplgfPK2Lgnj70=
github.com/andrew-paterson/pandago v1.0.64 h1:DJ/dVt5jp8HCMwJT4tLvd/t4V8OuaTBn6RVkv1848Ng=
github.com/andrew-paterson/pandago v1.0.64/go.mod h1:V1io5c5lPNpNL6Ly8137mpE+A2iAYkvF0u5hmXgkBm0=
